// !$*UTF8*$!
{
	archiveVersion = 1;
	classes = {
	};
	objectVersion = 46;
	objects = {

/* Begin PBXBuildFile section */
		F9BE98A01CBBA0A200D98907 /* AppDelegate.swift in Sources */ = {isa = PBXBuildFile; fileRef = F9BE989F1CBBA0A200D98907 /* AppDelegate.swift */; };
		F9BE98A21CBBA0A200D98907 /* ViewController.swift in Sources */ = {isa = PBXBuildFile; fileRef = F9BE98A11CBBA0A200D98907 /* ViewController.swift */; };
		F9BE98A51CBBA0A200D98907 /* Main.storyboard in Resources */ = {isa = PBXBuildFile; fileRef = F9BE98A31CBBA0A200D98907 /* Main.storyboard */; };
		F9BE98A71CBBA0A200D98907 /* Assets.xcassets in Resources */ = {isa = PBXBuildFile; fileRef = F9BE98A61CBBA0A200D98907 /* Assets.xcassets */; };
		F9BE98AA1CBBA0A200D98907 /* LaunchScreen.storyboard in Resources */ = {isa = PBXBuildFile; fileRef = F9BE98A81CBBA0A200D98907 /* LaunchScreen.storyboard */; };
		F9BE98B21CBBB07600D98907 /* DrawView.swift in Sources */ = {isa = PBXBuildFile; fileRef = F9BE98B11CBBB07600D98907 /* DrawView.swift */; };
		F9BE98B41CBBE42F00D98907 /* Forme.swift in Sources */ = {isa = PBXBuildFile; fileRef = F9BE98B31CBBE42F00D98907 /* Forme.swift */; };
/* End PBXBuildFile section */

/* Begin PBXFileReference section */
		F9BE989C1CBBA0A200D98907 /* DrawFigureColored.app */ = {isa = PBXFileReference; explicitFileType = wrapper.application; includeInIndex = 0; path = DrawFigureColored.app; sourceTree = BUILT_PRODUCTS_DIR; };
		F9BE989F1CBBA0A200D98907 /* AppDelegate.swift */ = {isa = PBXFileReference; lastKnownFileType = sourcecode.swift; path = AppDelegate.swift; sourceTree = "<group>"; };
		F9BE98A11CBBA0A200D98907 /* ViewController.swift */ = {isa = PBXFileReference; lastKnownFileType = sourcecode.swift; path = ViewController.swift; sourceTree = "<group>"; };
		F9BE98A41CBBA0A200D98907 /* Base */ = {isa = PBXFileReference; lastKnownFileType = file.storyboard; name = Base; path = Base.lproj/Main.storyboard; sourceTree = "<group>"; };
		F9BE98A61CBBA0A200D98907 /* Assets.xcassets */ = {isa = PBXFileReference; lastKnownFileType = folder.assetcatalog; path = Assets.xcassets; sourceTree = "<group>"; };
		F9BE98A91CBBA0A200D98907 /* Base */ = {isa = PBXFileReference; lastKnownFileType = file.storyboard; name = Base; path = Base.lproj/LaunchScreen.storyboard; sourceTree = "<group>"; };
		F9BE98AB1CBBA0A200D98907 /* Info.plist */ = {isa = PBXFileReference; lastKnownFileType = text.plist.xml; path = Info.plist; sourceTree = "<group>"; };
		F9BE98B11CBBB07600D98907 /* DrawView.swift */ = {isa = PBXFileReference; fileEncoding = 4; lastKnownFileType = sourcecode.swift; path = DrawView.swift; sourceTree = "<group>"; };
		F9BE98B31CBBE42F00D98907 /* Forme.swift */ = {isa = PBXFileReference; fileEncoding = 4; lastKnownFileType = sourcecode.swift; path = Forme.swift; sourceTree = "<group>"; };
/* End PBXFileReference section */

/* Begin PBXFrameworksBuildPhase section */
		F9BE98991CBBA0A200D98907 /* Frameworks */ = {
			isa = PBXFrameworksBuildPhase;
			buildActionMask = 2147483647;
			files = (
			);
			runOnlyForDeploymentPostprocessing = 0;
		};
/* End PBXFrameworksBuildPhase section */

/* Begin PBXGroup section */
		F9BE98931CBBA0A200D98907 = {
			isa = PBXGroup;
			children = (
				F9BE989E1CBBA0A200D98907 /* DrawFigureColored */,
				F9BE989D1CBBA0A200D98907 /* Products */,
			);
			sourceTree = "<group>";
		};
		F9BE989D1CBBA0A200D98907 /* Products */ = {
			isa = PBXGroup;
			children = (
				F9BE989C1CBBA0A200D98907 /* DrawFigureColored.app */,
			);
			name = Products;
			sourceTree = "<group>";
		};
		F9BE989E1CBBA0A200D98907 /* DrawFigureColored */ = {
			isa = PBXGroup;
			children = (
				F9BE989F1CBBA0A200D98907 /* AppDelegate.swift */,
				F9BE98A11CBBA0A200D98907 /* ViewController.swift */,
				F9BE98A31CBBA0A200D98907 /* Main.storyboard */,
				F9BE98A61CBBA0A200D98907 /* Assets.xcassets */,
				F9BE98A81CBBA0A200D98907 /* LaunchScreen.storyboard */,
				F9BE98AB1CBBA0A200D98907 /* Info.plist */,
				F9BE98B11CBBB07600D98907 /* DrawView.swift */,
				F9BE98B31CBBE42F00D98907 /* Forme.swift */,
			);
			path = DrawFigureColored;
			sourceTree = "<group>";
		};
/* End PBXGroup section */

/* Begin PBXNativeTarget section */
		F9BE989B1CBBA0A200D98907 /* DrawFigureColored */ = {
			isa = PBXNativeTarget;
			buildConfigurationList = F9BE98AE1CBBA0A200D98907 /* Build configuration list for PBXNativeTarget "DrawFigureColored" */;
			buildPhases = (
				F9BE98981CBBA0A200D98907 /* Sources */,
				F9BE98991CBBA0A200D98907 /* Frameworks */,
				F9BE989A1CBBA0A200D98907 /* Resources */,
			);
			buildRules = (
			);
			dependencies = (
			);
			name = DrawFigureColored;
			productName = DrawFigureColored;
			productReference = F9BE989C1CBBA0A200D98907 /* DrawFigureColored.app */;
			productType = "com.apple.product-type.application";
		};
/* End PBXNativeTarget section */

/* Begin PBXProject section */
		F9BE98941CBBA0A200D98907 /* Project object */ = {
			isa = PBXProject;
			attributes = {
				LastSwiftUpdateCheck = 0730;
				LastUpgradeCheck = 0730;
				ORGANIZATIONNAME = MB;
				TargetAttributes = {
					F9BE989B1CBBA0A200D98907 = {
						CreatedOnToolsVersion = 7.3;
						DevelopmentTeam = R5EUDGG28X;
					};
				};
			};
			buildConfigurationList = F9BE98971CBBA0A200D98907 /* Build configuration list for PBXProject "DrawFigureColored" */;
			compatibilityVersion = "Xcode 3.2";
			developmentRegion = English;
			hasScannedForEncodings = 0;
			knownRegions = (
				en,
				Base,
			);
			mainGroup = F9BE98931CBBA0A200D98907;
			productRefGroup = F9BE989D1CBBA0A200D98907 /* Products */;
			projectDirPath = "";
			projectRoot = "";
			targets = (
				F9BE989B1CBBA0A200D98907 /* DrawFigureColored */,
			);
		};
/* End PBXProject section */

/* Begin PBXResourcesBuildPhase section */
		F9BE989A1CBBA0A200D98907 /* Resources */ = {
			isa = PBXResourcesBuildPhase;
			buildActionMask = 2147483647;
			files = (
				F9BE98AA1CBBA0A200D98907 /* LaunchScreen.storyboard in Resources */,
				F9BE98A71CBBA0A200D98907 /* Assets.xcassets in Resources */,
				F9BE98A51CBBA0A200D98907 /* Main.storyboard in Resources */,
			);
			runOnlyForDeploymentPostprocessing = 0;
		};
/* End PBXResourcesBuildPhase section */

/* Begin PBXSourcesBuildPhase section */
		F9BE98981CBBA0A200D98907 /* Sources */ = {
			isa = PBXSourcesBuildPhase;
			buildActionMask = 2147483647;
			files = (
				F9BE98A21CBBA0A200D98907 /* ViewController.swift in Sources */,
				F9BE98A01CBBA0A200D98907 /* AppDelegate.swift in Sources */,
				F9BE98B21CBBB07600D98907 /* DrawView.swift in Sources */,
				F9BE98B41CBBE42F00D98907 /* Forme.swift in Sources */,
			);
			runOnlyForDeploymentPostprocessing = 0;
		};
/* End PBXSourcesBuildPhase section */

/* Begin PBXVariantGroup section */
		F9BE98A31CBBA0A200D98907 /* Main.storyboard */ = {
			isa = PBXVariantGroup;
			children = (
				F9BE98A41CBBA0A200D98907 /* Base */,
			);
			name = Main.storyboard;
			sourceTree = "<group>";
		};
		F9BE98A81CBBA0A200D98907 /* LaunchScreen.storyboard */ = {
			isa = PBXVariantGroup;
			children = (
				F9BE98A91CBBA0A200D98907 /* Base */,
			);
			name = LaunchScreen.storyboard;
			sourceTree = "<group>";
		};
/* End PBXVariantGroup section */

/* Begin XCBuildConfiguration section */
		F9BE98AC1CBBA0A200D98907 /* Debug */ = {
			isa = XCBuildConfiguration;
			buildSettings = {
				ALWAYS_SEARCH_USER_PATHS = NO;
				CLANG_ANALYZER_NONNULL = YES;
				CLANG_CXX_LANGUAGE_STANDARD = "gnu++0x";
				CLANG_CXX_LIBRARY = "libc++";
				CLANG_ENABLE_MODULES = YES;
				CLANG_ENABLE_OBJC_ARC = YES;
				CLANG_WARN_BOOL_CONVERSION = YES;
				CLANG_WARN_CONSTANT_CONVERSION = YES;
				CLANG_WARN_DIRECT_OBJC_ISA_USAGE = YES_ERROR;
				CLANG_WARN_EMPTY_BODY = YES;
				CLANG_WARN_ENUM_CONVERSION = YES;
				CLANG_WARN_INT_CONVERSION = YES;
				CLANG_WARN_OBJC_ROOT_CLASS = YES_ERROR;
				CLANG_WARN_UNREACHABLE_CODE = YES;
				CLANG_WARN__DUPLICATE_METHOD_MATCH = YES;
				"CODE_SIGN_IDENTITY[sdk=iphoneos*]" = "iPhone Developer";
				COPY_PHASE_STRIP = NO;
				DEBUG_INFORMATION_FORMAT = dwarf;
				ENABLE_STRICT_OBJC_MSGSEND = YES;
				ENABLE_TESTABILITY = YES;
				GCC_C_LANGUAGE_STANDARD = gnu99;
				GCC_DYNAMIC_NO_PIC = NO;
				GCC_NO_COMMON_BLOCKS = YES;
				GCC_OPTIMIZATION_LEVEL = 0;
				GCC_PREPROCESSOR_DEFINITIONS = (
					"DEBUG=1",
					"$(inherited)",
				);
				GCC_WARN_64_TO_32_BIT_CONVERSION = YES;
				GCC_WARN_ABOUT_RETURN_TYPE = YES_ERROR;
				GCC_WARN_UNDECLARED_SELECTOR = YES;
				GCC_WARN_UNINITIALIZED_AUTOS = YES_AGGRESSIVE;
				GCC_WARN_UNUSED_FUNCTION = YES;
				GCC_WARN_UNUSED_VARIABLE = YES;
				IPHONEOS_DEPLOYMENT_TARGET = 9.3;
				MTL_ENABLE_DEBUG_INFO = YES;
				ONLY_ACTIVE_ARCH = YES;
				SDKROOT = iphoneos;
				SWIFT_OPTIMIZATION_LEVEL = "-Onone";
			};
			name = Debug;
		};
		F9BE98AD1CBBA0A200D98907 /* Release */ = {
			isa = XCBuildConfiguration;
			buildSettings = {
				ALWAYS_SEARCH_USER_PATHS = NO;
				CLANG_ANALYZER_NONNULL = YES;
				CLANG_CXX_LANGUAGE_STANDARD = "gnu++0x";
				CLANG_CXX_LIBRARY = "libc++";
				CLANG_ENABLE_MODULES = YES;
				CLANG_ENABLE_OBJC_ARC = YES;
				CLANG_WARN_BOOL_CONVERSION = YES;
				CLANG_WARN_CONSTANT_CONVERSION = YES;
				CLANG_WARN_DIRECT_OBJC_ISA_USAGE = YES_ERROR;
				CLANG_WARN_EMPTY_BODY = YES;
				CLANG_WARN_ENUM_CONVERSION = YES;
				CLANG_WARN_INT_CONVERSION = YES;
				CLANG_WARN_OBJC_ROOT_CLASS = YES_ERROR;
				CLANG_WARN_UNREACHABLE_CODE = YES;
				CLANG_WARN__DUPLICATE_METHOD_MATCH = YES;
				"CODE_SIGN_IDENTITY[sdk=iphoneos*]" = "iPhone Developer";
				COPY_PHASE_STRIP = NO;
				DEBUG_INFORMATION_FORMAT = "dwarf-with-dsym";
				ENABLE_NS_ASSERTIONS = NO;
				ENABLE_STRICT_OBJC_MSGSEND = YES;
				GCC_C_LANGUAGE_STANDARD = gnu99;
				GCC_NO_COMMON_BLOCKS = YES;
				GCC_WARN_64_TO_32_BIT_CONVERSION = YES;
				GCC_WARN_ABOUT_RETURN_TYPE = YES_ERROR;
				GCC_WARN_UNDECLARED_SELECTOR = YES;
				GCC_WARN_UNINITIALIZED_AUTOS = YES_AGGRESSIVE;
				GCC_WARN_UNUSED_FUNCTION = YES;
				GCC_WARN_UNUSED_VARIABLE = YES;
				IPHONEOS_DEPLOYMENT_TARGET = 9.3;
				MTL_ENABLE_DEBUG_INFO = NO;
				SDKROOT = iphoneos;
				VALIDATE_PRODUCT = YES;
			};
			name = Release;
		};
		F9BE98AF1CBBA0A200D98907 /* Debug */ = {
			isa = XCBuildConfiguration;
			buildSettings = {
				ASSETCATALOG_COMPILER_APPICON_NAME = AppIcon;
				INFOPLIST_FILE = DrawFigureColored/Info.plist;
				LD_RUNPATH_SEARCH_PATHS = "$(inherited) @executable_path/Frameworks";
				PRODUCT_BUNDLE_IDENTIFIER = techni.mb.DrawFigureColored;
				PRODUCT_NAME = "$(TARGET_NAME)";
			};
			name = Debug;
		};
		F9BE98B01CBBA0A200D98907 /* Release */ = {
			isa = XCBuildConfiguration;
			buildSettings = {
				ASSETCATALOG_COMPILER_APPICON_NAME = AppIcon;
				INFOPLIST_FILE = DrawFigureColored/Info.plist;
				LD_RUNPATH_SEARCH_PATHS = "$(inherited) @executable_path/Frameworks";
				PRODUCT_BUNDLE_IDENTIFIER = techni.mb.DrawFigureColored;
				PRODUCT_NAME = "$(TARGET_NAME)";
			};
			name = Release;
		};
/* End XCBuildConfiguration section */

/* Begin XCConfigurationList section */
		F9BE98971CBBA0A200D98907 /* Build configuration list for PBXProject "DrawFigureColored" */ = {
			isa = XCConfigurationList;
			buildConfigurations = (
				F9BE98AC1CBBA0A200D98907 /* Debug */,
				F9BE98AD1CBBA0A200D98907 /* Release */,
			);
			defaultConfigurationIsVisible = 0;
			defaultConfigurationName = Release;
		};
		F9BE98AE1CBBA0A200D98907 /* Build configuration list for PBXNativeTarget "DrawFigureColored" */ = {
			isa = XCConfigurationList;
			buildConfigurations = (
				F9BE98AF1CBBA0A200D98907 /* Debug */,
				F9BE98B01CBBA0A200D98907 /* Release */,
			);
			defaultConfigurationIsVisible = 0;
		};
/* End XCConfigurationList section */
	};
	rootObject = F9BE98941CBBA0A200D98907 /* Project object */;
}
